// !$*UTF8*$!
{
	archiveVersion = 1;
	classes = {
	};
	objectVersion = 55;
	objects = {

/* Begin PBXBuildFile section */
		B0045973271FAD5D002C7974 /* API+Authorization.swift in Sources */ = {isa = PBXBuildFile; fileRef = B0045972271FAD5D002C7974 /* API+Authorization.swift */; };
		B0045976271FB9D9002C7974 /* Network.swift in Sources */ = {isa = PBXBuildFile; fileRef = B0045975271FB9D9002C7974 /* Network.swift */; };
		B041001F2817071700845750 /* Navigation.swift in Sources */ = {isa = PBXBuildFile; fileRef = B041001E2817071700845750 /* Navigation.swift */; };
		B04C8690284A9D9000EA2D59 /* API+Playlists.swift in Sources */ = {isa = PBXBuildFile; fileRef = B04C868F284A9D9000EA2D59 /* API+Playlists.swift */; };
		B04C8693284A9FFD00EA2D59 /* WatchLater.swift in Sources */ = {isa = PBXBuildFile; fileRef = B04C8692284A9FFD00EA2D59 /* WatchLater.swift */; };
		B04C8696284BC1FF00EA2D59 /* ErrorHandling.swift in Sources */ = {isa = PBXBuildFile; fileRef = B04C8695284BC1FF00EA2D59 /* ErrorHandling.swift */; };
		B0508A2A26856E1D006FED7E /* MyShows.swift in Sources */ = {isa = PBXBuildFile; fileRef = B0508A2926856E1D006FED7E /* MyShows.swift */; };
		B0508A2E26856FC9006FED7E /* Browse.swift in Sources */ = {isa = PBXBuildFile; fileRef = B0508A2D26856FC9006FED7E /* Browse.swift */; };
		B0508A3126856FDA006FED7E /* Downloads.swift in Sources */ = {isa = PBXBuildFile; fileRef = B0508A3026856FDA006FED7E /* Downloads.swift */; };
		B0508A3426856FEB006FED7E /* Search.swift in Sources */ = {isa = PBXBuildFile; fileRef = B0508A3326856FEB006FED7E /* Search.swift */; };
		B0511C6727FB65AF006B077C /* Settings.swift in Sources */ = {isa = PBXBuildFile; fileRef = B0511C6627FB65AF006B077C /* Settings.swift */; };
		B0511C6A27FB6957006B077C /* Player.swift in Sources */ = {isa = PBXBuildFile; fileRef = B0511C6927FB6957006B077C /* Player.swift */; };
		B0560B1A27FCDA260048BE43 /* API+Channel.swift in Sources */ = {isa = PBXBuildFile; fileRef = B0560B1927FCDA260048BE43 /* API+Channel.swift */; };
		B056F7D527445B45009B92BC /* API+Library.swift in Sources */ = {isa = PBXBuildFile; fileRef = B056F7D427445B45009B92BC /* API+Library.swift */; };
		B056F7D827454A71009B92BC /* API+Video.swift in Sources */ = {isa = PBXBuildFile; fileRef = B056F7D727454A71009B92BC /* API+Video.swift */; };
		B079EF2F26853A57009EFBAA /* NebulaSwiftApp.swift in Sources */ = {isa = PBXBuildFile; fileRef = B079EF2126853A57009EFBAA /* NebulaSwiftApp.swift */; };
		B079EF3126853A57009EFBAA /* ContentView.swift in Sources */ = {isa = PBXBuildFile; fileRef = B079EF2226853A57009EFBAA /* ContentView.swift */; };
		B079EF3326853A57009EFBAA /* Assets.xcassets in Resources */ = {isa = PBXBuildFile; fileRef = B079EF2326853A57009EFBAA /* Assets.xcassets */; };
		B079EF3E26855A50009EFBAA /* API.swift in Sources */ = {isa = PBXBuildFile; fileRef = B079EF3D26855A50009EFBAA /* API.swift */; };
		B079EF42268560A4009EFBAA /* API+Config.swift in Sources */ = {isa = PBXBuildFile; fileRef = B079EF41268560A4009EFBAA /* API+Config.swift */; };
		B079EF45268560D6009EFBAA /* Storage.swift in Sources */ = {isa = PBXBuildFile; fileRef = B079EF44268560D6009EFBAA /* Storage.swift */; };
		B079EF4826856116009EFBAA /* Defaults.swift in Sources */ = {isa = PBXBuildFile; fileRef = B079EF4726856116009EFBAA /* Defaults.swift */; };
		B079EF4C268562B8009EFBAA /* Featured.swift in Sources */ = {isa = PBXBuildFile; fileRef = B079EF4B268562B8009EFBAA /* Featured.swift */; };
		B07FBFF4281C6D6B007CD89E /* AsyncButton.swift in Sources */ = {isa = PBXBuildFile; fileRef = B07FBFF3281C6D6B007CD89E /* AsyncButton.swift */; };
		B07FBFF7281C7ED6007CD89E /* ContextMenus.swift in Sources */ = {isa = PBXBuildFile; fileRef = B07FBFF6281C7ED6007CD89E /* ContextMenus.swift */; };
		B099D42228008C97002D6A63 /* Logger.swift in Sources */ = {isa = PBXBuildFile; fileRef = B099D42128008C97002D6A63 /* Logger.swift */; };
		B0A4A87A288C54590086347E /* API+Featured.swift in Sources */ = {isa = PBXBuildFile; fileRef = B0A4A879288C54590086347E /* API+Featured.swift */; };
		B0A4A87C288C592B0086347E /* ImageResource.swift in Sources */ = {isa = PBXBuildFile; fileRef = B0A4A87B288C592B0086347E /* ImageResource.swift */; };
		B0A4A87E288C62310086347E /* API+Podcast.swift in Sources */ = {isa = PBXBuildFile; fileRef = B0A4A87D288C62310086347E /* API+Podcast.swift */; };
		B0A4A880288C70140086347E /* HeroPreview.swift in Sources */ = {isa = PBXBuildFile; fileRef = B0A4A87F288C70140086347E /* HeroPreview.swift */; };
		B0A4A882288C71F60086347E /* PodcastPreview.swift in Sources */ = {isa = PBXBuildFile; fileRef = B0A4A881288C71F60086347E /* PodcastPreview.swift */; };
		B0A4A884288CA63F0086347E /* Pasteboard.swift in Sources */ = {isa = PBXBuildFile; fileRef = B0A4A883288CA63F0086347E /* Pasteboard.swift */; };
		B0AA74AD2829B203001B778B /* API+Categories.swift in Sources */ = {isa = PBXBuildFile; fileRef = B0AA74AC2829B203001B778B /* API+Categories.swift */; };
		B0AA74B02829C0A2001B778B /* AsyncNavigationLink.swift in Sources */ = {isa = PBXBuildFile; fileRef = B0AA74AF2829C0A2001B778B /* AsyncNavigationLink.swift */; };
		B0AA74B32829C2EE001B778B /* CategoryPreview.swift in Sources */ = {isa = PBXBuildFile; fileRef = B0AA74B22829C2EE001B778B /* CategoryPreview.swift */; };
		B0AA74B62829C7A5001B778B /* CategoryPage.swift in Sources */ = {isa = PBXBuildFile; fileRef = B0AA74B52829C7A5001B778B /* CategoryPage.swift */; };
		B0B7EED428009C3F007D3682 /* ChannelPreview.swift in Sources */ = {isa = PBXBuildFile; fileRef = B0B7EED328009C3F007D3682 /* ChannelPreview.swift */; };
		B0B7EED72800B086007D3682 /* ChannelGrid.swift in Sources */ = {isa = PBXBuildFile; fileRef = B0B7EED62800B086007D3682 /* ChannelGrid.swift */; };
		B0DF9FAD268A343700EF9392 /* Login.swift in Sources */ = {isa = PBXBuildFile; fileRef = B0DF9FAC268A343700EF9392 /* Login.swift */; };
		B0DF9FB0268A36D900EF9392 /* API+Login.swift in Sources */ = {isa = PBXBuildFile; fileRef = B0DF9FAF268A36D900EF9392 /* API+Login.swift */; };
		B0DF9FB3268A407300EF9392 /* API+User.swift in Sources */ = {isa = PBXBuildFile; fileRef = B0DF9FB2268A3E3700EF9392 /* API+User.swift */; };
		B0E056F8287D9F92008DCEFE /* Channel+AppEntity.swift in Sources */ = {isa = PBXBuildFile; fileRef = B0E056F7287D9F92008DCEFE /* Channel+AppEntity.swift */; };
		B0E056FA287DBB18008DCEFE /* ShowChannel.swift in Sources */ = {isa = PBXBuildFile; fileRef = B0E056F9287DBB18008DCEFE /* ShowChannel.swift */; };
		B0E056FC287DBB4F008DCEFE /* ChannelQuery.swift in Sources */ = {isa = PBXBuildFile; fileRef = B0E056FB287DBB4F008DCEFE /* ChannelQuery.swift */; };
		B0E5BA2627FF6274001D8403 /* VideoPreview.swift in Sources */ = {isa = PBXBuildFile; fileRef = B0E5BA2527FF6274001D8403 /* VideoPreview.swift */; };
		B0E5BA2927FF62D3001D8403 /* VideoPage.swift in Sources */ = {isa = PBXBuildFile; fileRef = B0E5BA2827FF62D3001D8403 /* VideoPage.swift */; };
		B0E5BA2C27FF62F3001D8403 /* CustomVideoPlayer.swift in Sources */ = {isa = PBXBuildFile; fileRef = B0E5BA2B27FF62F3001D8403 /* CustomVideoPlayer.swift */; };
		B0E5BA2F27FF66B1001D8403 /* VideoGrid.swift in Sources */ = {isa = PBXBuildFile; fileRef = B0E5BA2E27FF66B1001D8403 /* VideoGrid.swift */; };
		B0E5BA3227FF6869001D8403 /* ChannelPage.swift in Sources */ = {isa = PBXBuildFile; fileRef = B0E5BA3127FF6869001D8403 /* ChannelPage.swift */; };
		B0E5BA3527FF6C85001D8403 /* API+Search.swift in Sources */ = {isa = PBXBuildFile; fileRef = B0E5BA3427FF6C85001D8403 /* API+Search.swift */; };
		B0E5BA3827FF6CEB001D8403 /* ListContainer.swift in Sources */ = {isa = PBXBuildFile; fileRef = B0E5BA3727FF6CEB001D8403 /* ListContainer.swift */; };
		B0ED79B628672F7D0009F8EB /* VideoProgress.swift in Sources */ = {isa = PBXBuildFile; fileRef = B0ED79B528672F7D0009F8EB /* VideoProgress.swift */; };
		B0FA4424281C5801002554A7 /* ContentType.swift in Sources */ = {isa = PBXBuildFile; fileRef = B0FA4423281C5801002554A7 /* ContentType.swift */; };
/* End PBXBuildFile section */

/* Begin PBXFileReference section */
		B0045972271FAD5D002C7974 /* API+Authorization.swift */ = {isa = PBXFileReference; lastKnownFileType = sourcecode.swift; path = "API+Authorization.swift"; sourceTree = "<group>"; };
		B0045975271FB9D9002C7974 /* Network.swift */ = {isa = PBXFileReference; lastKnownFileType = sourcecode.swift; path = Network.swift; sourceTree = "<group>"; };
		B041001E2817071700845750 /* Navigation.swift */ = {isa = PBXFileReference; lastKnownFileType = sourcecode.swift; path = Navigation.swift; sourceTree = "<group>"; };
		B04C868F284A9D9000EA2D59 /* API+Playlists.swift */ = {isa = PBXFileReference; lastKnownFileType = sourcecode.swift; path = "API+Playlists.swift"; sourceTree = "<group>"; };
		B04C8692284A9FFD00EA2D59 /* WatchLater.swift */ = {isa = PBXFileReference; lastKnownFileType = sourcecode.swift; path = WatchLater.swift; sourceTree = "<group>"; };
		B04C8695284BC1FF00EA2D59 /* ErrorHandling.swift */ = {isa = PBXFileReference; lastKnownFileType = sourcecode.swift; path = ErrorHandling.swift; sourceTree = "<group>"; };
		B0508A2926856E1D006FED7E /* MyShows.swift */ = {isa = PBXFileReference; lastKnownFileType = sourcecode.swift; path = MyShows.swift; sourceTree = "<group>"; };
		B0508A2D26856FC9006FED7E /* Browse.swift */ = {isa = PBXFileReference; lastKnownFileType = sourcecode.swift; path = Browse.swift; sourceTree = "<group>"; };
		B0508A3026856FDA006FED7E /* Downloads.swift */ = {isa = PBXFileReference; lastKnownFileType = sourcecode.swift; path = Downloads.swift; sourceTree = "<group>"; };
		B0508A3326856FEB006FED7E /* Search.swift */ = {isa = PBXFileReference; lastKnownFileType = sourcecode.swift; path = Search.swift; sourceTree = "<group>"; };
		B0511C6627FB65AF006B077C /* Settings.swift */ = {isa = PBXFileReference; lastKnownFileType = sourcecode.swift; path = Settings.swift; sourceTree = "<group>"; };
		B0511C6927FB6957006B077C /* Player.swift */ = {isa = PBXFileReference; lastKnownFileType = sourcecode.swift; path = Player.swift; sourceTree = "<group>"; };
		B0560B1927FCDA260048BE43 /* API+Channel.swift */ = {isa = PBXFileReference; lastKnownFileType = sourcecode.swift; path = "API+Channel.swift"; sourceTree = "<group>"; };
		B056F7D427445B45009B92BC /* API+Library.swift */ = {isa = PBXFileReference; lastKnownFileType = sourcecode.swift; path = "API+Library.swift"; sourceTree = "<group>"; };
		B056F7D727454A71009B92BC /* API+Video.swift */ = {isa = PBXFileReference; lastKnownFileType = sourcecode.swift; path = "API+Video.swift"; sourceTree = "<group>"; };
		B079EF2126853A57009EFBAA /* NebulaSwiftApp.swift */ = {isa = PBXFileReference; lastKnownFileType = sourcecode.swift; path = NebulaSwiftApp.swift; sourceTree = "<group>"; };
		B079EF2226853A57009EFBAA /* ContentView.swift */ = {isa = PBXFileReference; lastKnownFileType = sourcecode.swift; path = ContentView.swift; sourceTree = "<group>"; };
		B079EF2326853A57009EFBAA /* Assets.xcassets */ = {isa = PBXFileReference; lastKnownFileType = folder.assetcatalog; path = Assets.xcassets; sourceTree = "<group>"; };
		B079EF2826853A57009EFBAA /* NebulaSwift.app */ = {isa = PBXFileReference; explicitFileType = wrapper.application; includeInIndex = 0; path = NebulaSwift.app; sourceTree = BUILT_PRODUCTS_DIR; };
		B079EF3D26855A50009EFBAA /* API.swift */ = {isa = PBXFileReference; lastKnownFileType = sourcecode.swift; path = API.swift; sourceTree = "<group>"; };
		B079EF41268560A4009EFBAA /* API+Config.swift */ = {isa = PBXFileReference; lastKnownFileType = sourcecode.swift; path = "API+Config.swift"; sourceTree = "<group>"; };
		B079EF44268560D6009EFBAA /* Storage.swift */ = {isa = PBXFileReference; lastKnownFileType = sourcecode.swift; path = Storage.swift; sourceTree = "<group>"; };
		B079EF4726856116009EFBAA /* Defaults.swift */ = {isa = PBXFileReference; lastKnownFileType = sourcecode.swift; path = Defaults.swift; sourceTree = "<group>"; };
		B079EF4B268562B8009EFBAA /* Featured.swift */ = {isa = PBXFileReference; lastKnownFileType = sourcecode.swift; path = Featured.swift; sourceTree = "<group>"; };
		B07FBFF3281C6D6B007CD89E /* AsyncButton.swift */ = {isa = PBXFileReference; lastKnownFileType = sourcecode.swift; path = AsyncButton.swift; sourceTree = "<group>"; };
		B07FBFF6281C7ED6007CD89E /* ContextMenus.swift */ = {isa = PBXFileReference; lastKnownFileType = sourcecode.swift; path = ContextMenus.swift; sourceTree = "<group>"; };
		B099D42128008C97002D6A63 /* Logger.swift */ = {isa = PBXFileReference; lastKnownFileType = sourcecode.swift; path = Logger.swift; sourceTree = "<group>"; };
		B0A4A879288C54590086347E /* API+Featured.swift */ = {isa = PBXFileReference; lastKnownFileType = sourcecode.swift; path = "API+Featured.swift"; sourceTree = "<group>"; };
		B0A4A87B288C592B0086347E /* ImageResource.swift */ = {isa = PBXFileReference; lastKnownFileType = sourcecode.swift; path = ImageResource.swift; sourceTree = "<group>"; };
		B0A4A87D288C62310086347E /* API+Podcast.swift */ = {isa = PBXFileReference; lastKnownFileType = sourcecode.swift; path = "API+Podcast.swift"; sourceTree = "<group>"; };
		B0A4A87F288C70140086347E /* HeroPreview.swift */ = {isa = PBXFileReference; lastKnownFileType = sourcecode.swift; path = HeroPreview.swift; sourceTree = "<group>"; };
		B0A4A881288C71F60086347E /* PodcastPreview.swift */ = {isa = PBXFileReference; lastKnownFileType = sourcecode.swift; path = PodcastPreview.swift; sourceTree = "<group>"; };
		B0A4A883288CA63F0086347E /* Pasteboard.swift */ = {isa = PBXFileReference; lastKnownFileType = sourcecode.swift; path = Pasteboard.swift; sourceTree = "<group>"; };
		B0AA74AC2829B203001B778B /* API+Categories.swift */ = {isa = PBXFileReference; lastKnownFileType = sourcecode.swift; path = "API+Categories.swift"; sourceTree = "<group>"; };
		B0AA74AF2829C0A2001B778B /* AsyncNavigationLink.swift */ = {isa = PBXFileReference; lastKnownFileType = sourcecode.swift; path = AsyncNavigationLink.swift; sourceTree = "<group>"; };
		B0AA74B22829C2EE001B778B /* CategoryPreview.swift */ = {isa = PBXFileReference; lastKnownFileType = sourcecode.swift; path = CategoryPreview.swift; sourceTree = "<group>"; };
		B0AA74B52829C7A5001B778B /* CategoryPage.swift */ = {isa = PBXFileReference; lastKnownFileType = sourcecode.swift; path = CategoryPage.swift; sourceTree = "<group>"; };
		B0B7EED328009C3F007D3682 /* ChannelPreview.swift */ = {isa = PBXFileReference; lastKnownFileType = sourcecode.swift; path = ChannelPreview.swift; sourceTree = "<group>"; };
		B0B7EED62800B086007D3682 /* ChannelGrid.swift */ = {isa = PBXFileReference; lastKnownFileType = sourcecode.swift; path = ChannelGrid.swift; sourceTree = "<group>"; };
		B0B8856A287C1AD8003328DA /* NebulaSwift-Info.plist */ = {isa = PBXFileReference; lastKnownFileType = text.plist; path = "NebulaSwift-Info.plist"; sourceTree = "<group>"; };
		B0DF9FAC268A343700EF9392 /* Login.swift */ = {isa = PBXFileReference; lastKnownFileType = sourcecode.swift; path = Login.swift; sourceTree = "<group>"; };
		B0DF9FAF268A36D900EF9392 /* API+Login.swift */ = {isa = PBXFileReference; lastKnownFileType = sourcecode.swift; path = "API+Login.swift"; sourceTree = "<group>"; };
		B0DF9FB2268A3E3700EF9392 /* API+User.swift */ = {isa = PBXFileReference; lastKnownFileType = sourcecode.swift; path = "API+User.swift"; sourceTree = "<group>"; };
		B0E056F7287D9F92008DCEFE /* Channel+AppEntity.swift */ = {isa = PBXFileReference; lastKnownFileType = sourcecode.swift; path = "Channel+AppEntity.swift"; sourceTree = "<group>"; };
		B0E056F9287DBB18008DCEFE /* ShowChannel.swift */ = {isa = PBXFileReference; lastKnownFileType = sourcecode.swift; path = ShowChannel.swift; sourceTree = "<group>"; };
		B0E056FB287DBB4F008DCEFE /* ChannelQuery.swift */ = {isa = PBXFileReference; lastKnownFileType = sourcecode.swift; path = ChannelQuery.swift; sourceTree = "<group>"; };
		B0E5BA2527FF6274001D8403 /* VideoPreview.swift */ = {isa = PBXFileReference; lastKnownFileType = sourcecode.swift; path = VideoPreview.swift; sourceTree = "<group>"; };
		B0E5BA2827FF62D3001D8403 /* VideoPage.swift */ = {isa = PBXFileReference; lastKnownFileType = sourcecode.swift; path = VideoPage.swift; sourceTree = "<group>"; };
		B0E5BA2B27FF62F3001D8403 /* CustomVideoPlayer.swift */ = {isa = PBXFileReference; lastKnownFileType = sourcecode.swift; path = CustomVideoPlayer.swift; sourceTree = "<group>"; };
		B0E5BA2E27FF66B1001D8403 /* VideoGrid.swift */ = {isa = PBXFileReference; lastKnownFileType = sourcecode.swift; path = VideoGrid.swift; sourceTree = "<group>"; };
		B0E5BA3127FF6869001D8403 /* ChannelPage.swift */ = {isa = PBXFileReference; lastKnownFileType = sourcecode.swift; path = ChannelPage.swift; sourceTree = "<group>"; };
		B0E5BA3427FF6C85001D8403 /* API+Search.swift */ = {isa = PBXFileReference; lastKnownFileType = sourcecode.swift; path = "API+Search.swift"; sourceTree = "<group>"; };
		B0E5BA3727FF6CEB001D8403 /* ListContainer.swift */ = {isa = PBXFileReference; lastKnownFileType = sourcecode.swift; path = ListContainer.swift; sourceTree = "<group>"; };
		B0ED79B528672F7D0009F8EB /* VideoProgress.swift */ = {isa = PBXFileReference; lastKnownFileType = sourcecode.swift; path = VideoProgress.swift; sourceTree = "<group>"; };
		B0FA4423281C5801002554A7 /* ContentType.swift */ = {isa = PBXFileReference; lastKnownFileType = sourcecode.swift; path = ContentType.swift; sourceTree = "<group>"; };
/* End PBXFileReference section */

/* Begin PBXFrameworksBuildPhase section */
		B079EF2526853A57009EFBAA /* Frameworks */ = {
			isa = PBXFrameworksBuildPhase;
			buildActionMask = 2147483647;
			files = (
			);
			runOnlyForDeploymentPostprocessing = 0;
		};
/* End PBXFrameworksBuildPhase section */

/* Begin PBXGroup section */
		B079EF1B26853A57009EFBAA = {
			isa = PBXGroup;
			children = (
				B0B8856A287C1AD8003328DA /* NebulaSwift-Info.plist */,
				B079EF2026853A57009EFBAA /* Shared */,
				B079EF2926853A57009EFBAA /* Products */,
			);
			sourceTree = "<group>";
		};
		B079EF2026853A57009EFBAA /* Shared */ = {
			isa = PBXGroup;
			children = (
				B079EF4026855B0A009EFBAA /* API */,
				B079EF4A26856283009EFBAA /* Views */,
				B0E056F6287D9F57008DCEFE /* Intents */,
				B079EF2126853A57009EFBAA /* NebulaSwiftApp.swift */,
				B079EF2326853A57009EFBAA /* Assets.xcassets */,
			);
			path = Shared;
			sourceTree = "<group>";
		};
		B079EF2926853A57009EFBAA /* Products */ = {
			isa = PBXGroup;
			children = (
				B079EF2826853A57009EFBAA /* NebulaSwift.app */,
			);
			name = Products;
			sourceTree = "<group>";
		};
		B079EF4026855B0A009EFBAA /* API */ = {
			isa = PBXGroup;
			children = (
				B079EF3D26855A50009EFBAA /* API.swift */,
				B079EF41268560A4009EFBAA /* API+Config.swift */,
				B0DF9FAF268A36D900EF9392 /* API+Login.swift */,
				B0045972271FAD5D002C7974 /* API+Authorization.swift */,
				B0DF9FB2268A3E3700EF9392 /* API+User.swift */,
				B0A4A879288C54590086347E /* API+Featured.swift */,
				B056F7D427445B45009B92BC /* API+Library.swift */,
				B056F7D727454A71009B92BC /* API+Video.swift */,
				B0AA74AC2829B203001B778B /* API+Categories.swift */,
				B0560B1927FCDA260048BE43 /* API+Channel.swift */,
				B0A4A87D288C62310086347E /* API+Podcast.swift */,
				B04C868F284A9D9000EA2D59 /* API+Playlists.swift */,
				B0E5BA3427FF6C85001D8403 /* API+Search.swift */,
				B0A4A87B288C592B0086347E /* ImageResource.swift */,
				B0E5BA3727FF6CEB001D8403 /* ListContainer.swift */,
				B079EF44268560D6009EFBAA /* Storage.swift */,
				B079EF4726856116009EFBAA /* Defaults.swift */,
				B0045975271FB9D9002C7974 /* Network.swift */,
				B0A4A883288CA63F0086347E /* Pasteboard.swift */,
				B099D42128008C97002D6A63 /* Logger.swift */,
			);
			path = API;
			sourceTree = "<group>";
		};
		B079EF4A26856283009EFBAA /* Views */ = {
			isa = PBXGroup;
			children = (
				B079EF2226853A57009EFBAA /* ContentView.swift */,
				B079EF4B268562B8009EFBAA /* Featured.swift */,
				B0508A2926856E1D006FED7E /* MyShows.swift */,
				B0508A2D26856FC9006FED7E /* Browse.swift */,
				B04C8692284A9FFD00EA2D59 /* WatchLater.swift */,
				B0508A3026856FDA006FED7E /* Downloads.swift */,
				B0508A3326856FEB006FED7E /* Search.swift */,
				B0DF9FAC268A343700EF9392 /* Login.swift */,
				B0511C6627FB65AF006B077C /* Settings.swift */,
				B0B7EED62800B086007D3682 /* ChannelGrid.swift */,
				B0B7EED328009C3F007D3682 /* ChannelPreview.swift */,
				B0E5BA3127FF6869001D8403 /* ChannelPage.swift */,
				B0E5BA2E27FF66B1001D8403 /* VideoGrid.swift */,
				B0E5BA2527FF6274001D8403 /* VideoPreview.swift */,
				B0ED79B528672F7D0009F8EB /* VideoProgress.swift */,
				B0E5BA2827FF62D3001D8403 /* VideoPage.swift */,
				B0AA74B22829C2EE001B778B /* CategoryPreview.swift */,
				B0AA74B52829C7A5001B778B /* CategoryPage.swift */,
				B0A4A87F288C70140086347E /* HeroPreview.swift */,
				B0A4A881288C71F60086347E /* PodcastPreview.swift */,
				B0E5BA2B27FF62F3001D8403 /* CustomVideoPlayer.swift */,
				B0511C6927FB6957006B077C /* Player.swift */,
				B07FBFF3281C6D6B007CD89E /* AsyncButton.swift */,
				B0AA74AF2829C0A2001B778B /* AsyncNavigationLink.swift */,
				B07FBFF6281C7ED6007CD89E /* ContextMenus.swift */,
				B041001E2817071700845750 /* Navigation.swift */,
				B04C8695284BC1FF00EA2D59 /* ErrorHandling.swift */,
				B0FA4423281C5801002554A7 /* ContentType.swift */,
			);
			path = Views;
			sourceTree = "<group>";
		};
		B0E056F6287D9F57008DCEFE /* Intents */ = {
			isa = PBXGroup;
			children = (
				B0E056F7287D9F92008DCEFE /* Channel+AppEntity.swift */,
				B0E056FB287DBB4F008DCEFE /* ChannelQuery.swift */,
				B0E056F9287DBB18008DCEFE /* ShowChannel.swift */,
			);
			path = Intents;
			sourceTree = "<group>";
		};
/* End PBXGroup section */

/* Begin PBXNativeTarget section */
		B079EF2726853A57009EFBAA /* NebulaSwift */ = {
			isa = PBXNativeTarget;
			buildConfigurationList = B079EF3726853A57009EFBAA /* Build configuration list for PBXNativeTarget "NebulaSwift" */;
			buildPhases = (
				B079EF2426853A57009EFBAA /* Sources */,
				B079EF2526853A57009EFBAA /* Frameworks */,
				B079EF2626853A57009EFBAA /* Resources */,
			);
			buildRules = (
			);
			dependencies = (
			);
			name = NebulaSwift;
			packageProductDependencies = (
			);
			productName = "NebulaSwift (iOS)";
			productReference = B079EF2826853A57009EFBAA /* NebulaSwift.app */;
			productType = "com.apple.product-type.application";
		};
/* End PBXNativeTarget section */

/* Begin PBXProject section */
		B079EF1C26853A57009EFBAA /* Project object */ = {
			isa = PBXProject;
			attributes = {
				BuildIndependentTargetsInParallel = 1;
				LastSwiftUpdateCheck = 1300;
				LastUpgradeCheck = 1400;
				TargetAttributes = {
					B079EF2726853A57009EFBAA = {
						CreatedOnToolsVersion = 13.0;
					};
				};
			};
			buildConfigurationList = B079EF1F26853A57009EFBAA /* Build configuration list for PBXProject "NebulaSwift" */;
			compatibilityVersion = "Xcode 13.0";
			developmentRegion = en;
			hasScannedForEncodings = 0;
			knownRegions = (
				en,
				Base,
			);
			mainGroup = B079EF1B26853A57009EFBAA;
			packageReferences = (
			);
			productRefGroup = B079EF2926853A57009EFBAA /* Products */;
			projectDirPath = "";
			projectRoot = "";
			targets = (
				B079EF2726853A57009EFBAA /* NebulaSwift */,
			);
		};
/* End PBXProject section */

/* Begin PBXResourcesBuildPhase section */
		B079EF2626853A57009EFBAA /* Resources */ = {
			isa = PBXResourcesBuildPhase;
			buildActionMask = 2147483647;
			files = (
				B079EF3326853A57009EFBAA /* Assets.xcassets in Resources */,
			);
			runOnlyForDeploymentPostprocessing = 0;
		};
/* End PBXResourcesBuildPhase section */

/* Begin PBXSourcesBuildPhase section */
		B079EF2426853A57009EFBAA /* Sources */ = {
			isa = PBXSourcesBuildPhase;
			buildActionMask = 2147483647;
			files = (
				B0A4A880288C70140086347E /* HeroPreview.swift in Sources */,
				B099D42228008C97002D6A63 /* Logger.swift in Sources */,
				B0511C6A27FB6957006B077C /* Player.swift in Sources */,
				B056F7D527445B45009B92BC /* API+Library.swift in Sources */,
				B0E5BA2627FF6274001D8403 /* VideoPreview.swift in Sources */,
				B0A4A882288C71F60086347E /* PodcastPreview.swift in Sources */,
				B0508A3426856FEB006FED7E /* Search.swift in Sources */,
				B0E5BA3527FF6C85001D8403 /* API+Search.swift in Sources */,
				B0E056FA287DBB18008DCEFE /* ShowChannel.swift in Sources */,
				B079EF4C268562B8009EFBAA /* Featured.swift in Sources */,
				B0045976271FB9D9002C7974 /* Network.swift in Sources */,
				B0E5BA2F27FF66B1001D8403 /* VideoGrid.swift in Sources */,
				B0DF9FB0268A36D900EF9392 /* API+Login.swift in Sources */,
				B0ED79B628672F7D0009F8EB /* VideoProgress.swift in Sources */,
				B0A4A87E288C62310086347E /* API+Podcast.swift in Sources */,
				B0B7EED428009C3F007D3682 /* ChannelPreview.swift in Sources */,
				B0A4A884288CA63F0086347E /* Pasteboard.swift in Sources */,
				B0508A3126856FDA006FED7E /* Downloads.swift in Sources */,
				B0E056FC287DBB4F008DCEFE /* ChannelQuery.swift in Sources */,
				B0AA74B62829C7A5001B778B /* CategoryPage.swift in Sources */,
				B0DF9FAD268A343700EF9392 /* Login.swift in Sources */,
				B0E5BA2C27FF62F3001D8403 /* CustomVideoPlayer.swift in Sources */,
				B0A4A87A288C54590086347E /* API+Featured.swift in Sources */,
				B07FBFF4281C6D6B007CD89E /* AsyncButton.swift in Sources */,
				B0508A2E26856FC9006FED7E /* Browse.swift in Sources */,
				B04C8696284BC1FF00EA2D59 /* ErrorHandling.swift in Sources */,
				B0AA74B32829C2EE001B778B /* CategoryPreview.swift in Sources */,
				B079EF3126853A57009EFBAA /* ContentView.swift in Sources */,
				B0508A2A26856E1D006FED7E /* MyShows.swift in Sources */,
				B0A4A87C288C592B0086347E /* ImageResource.swift in Sources */,
				B079EF42268560A4009EFBAA /* API+Config.swift in Sources */,
				B07FBFF7281C7ED6007CD89E /* ContextMenus.swift in Sources */,
				B0045973271FAD5D002C7974 /* API+Authorization.swift in Sources */,
				B0E5BA3827FF6CEB001D8403 /* ListContainer.swift in Sources */,
				B0E056F8287D9F92008DCEFE /* Channel+AppEntity.swift in Sources */,
				B0AA74B02829C0A2001B778B /* AsyncNavigationLink.swift in Sources */,
				B0DF9FB3268A407300EF9392 /* API+User.swift in Sources */,
				B079EF3E26855A50009EFBAA /* API.swift in Sources */,
				B079EF4826856116009EFBAA /* Defaults.swift in Sources */,
				B079EF2F26853A57009EFBAA /* NebulaSwiftApp.swift in Sources */,
				B04C8693284A9FFD00EA2D59 /* WatchLater.swift in Sources */,
				B0FA4424281C5801002554A7 /* ContentType.swift in Sources */,
				B041001F2817071700845750 /* Navigation.swift in Sources */,
				B056F7D827454A71009B92BC /* API+Video.swift in Sources */,
				B0E5BA3227FF6869001D8403 /* ChannelPage.swift in Sources */,
				B04C8690284A9D9000EA2D59 /* API+Playlists.swift in Sources */,
				B0B7EED72800B086007D3682 /* ChannelGrid.swift in Sources */,
				B0511C6727FB65AF006B077C /* Settings.swift in Sources */,
				B0E5BA2927FF62D3001D8403 /* VideoPage.swift in Sources */,
				B0AA74AD2829B203001B778B /* API+Categories.swift in Sources */,
				B079EF45268560D6009EFBAA /* Storage.swift in Sources */,
				B0560B1A27FCDA260048BE43 /* API+Channel.swift in Sources */,
			);
			runOnlyForDeploymentPostprocessing = 0;
		};
/* End PBXSourcesBuildPhase section */

/* Begin XCBuildConfiguration section */
		B079EF3526853A57009EFBAA /* Debug */ = {
			isa = XCBuildConfiguration;
			buildSettings = {
				ALWAYS_SEARCH_USER_PATHS = NO;
				CLANG_ANALYZER_NONNULL = YES;
				CLANG_ANALYZER_NUMBER_OBJECT_CONVERSION = YES_AGGRESSIVE;
				CLANG_CXX_LANGUAGE_STANDARD = "gnu++14";
				CLANG_CXX_LIBRARY = "libc++";
				CLANG_ENABLE_MODULES = YES;
				CLANG_ENABLE_OBJC_ARC = YES;
				CLANG_ENABLE_OBJC_WEAK = YES;
				CLANG_WARN_BLOCK_CAPTURE_AUTORELEASING = YES;
				CLANG_WARN_BOOL_CONVERSION = YES;
				CLANG_WARN_COMMA = YES;
				CLANG_WARN_CONSTANT_CONVERSION = YES;
				CLANG_WARN_DEPRECATED_OBJC_IMPLEMENTATIONS = YES;
				CLANG_WARN_DIRECT_OBJC_ISA_USAGE = YES_ERROR;
				CLANG_WARN_DOCUMENTATION_COMMENTS = YES;
				CLANG_WARN_EMPTY_BODY = YES;
				CLANG_WARN_ENUM_CONVERSION = YES;
				CLANG_WARN_INFINITE_RECURSION = YES;
				CLANG_WARN_INT_CONVERSION = YES;
				CLANG_WARN_NON_LITERAL_NULL_CONVERSION = YES;
				CLANG_WARN_OBJC_IMPLICIT_RETAIN_SELF = YES;
				CLANG_WARN_OBJC_LITERAL_CONVERSION = YES;
				CLANG_WARN_OBJC_ROOT_CLASS = YES_ERROR;
				CLANG_WARN_QUOTED_INCLUDE_IN_FRAMEWORK_HEADER = YES;
				CLANG_WARN_RANGE_LOOP_ANALYSIS = YES;
				CLANG_WARN_STRICT_PROTOTYPES = YES;
				CLANG_WARN_SUSPICIOUS_MOVE = YES;
				CLANG_WARN_UNGUARDED_AVAILABILITY = YES_AGGRESSIVE;
				CLANG_WARN_UNREACHABLE_CODE = YES;
				CLANG_WARN__DUPLICATE_METHOD_MATCH = YES;
				COPY_PHASE_STRIP = NO;
				DEAD_CODE_STRIPPING = YES;
				DEBUG_INFORMATION_FORMAT = dwarf;
				ENABLE_STRICT_OBJC_MSGSEND = YES;
				ENABLE_TESTABILITY = YES;
				GCC_C_LANGUAGE_STANDARD = gnu11;
				GCC_DYNAMIC_NO_PIC = NO;
				GCC_NO_COMMON_BLOCKS = YES;
				GCC_OPTIMIZATION_LEVEL = 0;
				GCC_PREPROCESSOR_DEFINITIONS = (
					"DEBUG=1",
					"$(inherited)",
				);
				GCC_WARN_64_TO_32_BIT_CONVERSION = YES;
				GCC_WARN_ABOUT_RETURN_TYPE = YES_ERROR;
				GCC_WARN_UNDECLARED_SELECTOR = YES;
				GCC_WARN_UNINITIALIZED_AUTOS = YES_AGGRESSIVE;
				GCC_WARN_UNUSED_FUNCTION = YES;
				GCC_WARN_UNUSED_VARIABLE = YES;
				MTL_ENABLE_DEBUG_INFO = INCLUDE_SOURCE;
				MTL_FAST_MATH = YES;
				ONLY_ACTIVE_ARCH = YES;
				SWIFT_ACTIVE_COMPILATION_CONDITIONS = DEBUG;
				SWIFT_OPTIMIZATION_LEVEL = "-Onone";
			};
			name = Debug;
		};
		B079EF3626853A57009EFBAA /* Release */ = {
			isa = XCBuildConfiguration;
			buildSettings = {
				ALWAYS_SEARCH_USER_PATHS = NO;
				CLANG_ANALYZER_NONNULL = YES;
				CLANG_ANALYZER_NUMBER_OBJECT_CONVERSION = YES_AGGRESSIVE;
				CLANG_CXX_LANGUAGE_STANDARD = "gnu++14";
				CLANG_CXX_LIBRARY = "libc++";
				CLANG_ENABLE_MODULES = YES;
				CLANG_ENABLE_OBJC_ARC = YES;
				CLANG_ENABLE_OBJC_WEAK = YES;
				CLANG_WARN_BLOCK_CAPTURE_AUTORELEASING = YES;
				CLANG_WARN_BOOL_CONVERSION = YES;
				CLANG_WARN_COMMA = YES;
				CLANG_WARN_CONSTANT_CONVERSION = YES;
				CLANG_WARN_DEPRECATED_OBJC_IMPLEMENTATIONS = YES;
				CLANG_WARN_DIRECT_OBJC_ISA_USAGE = YES_ERROR;
				CLANG_WARN_DOCUMENTATION_COMMENTS = YES;
				CLANG_WARN_EMPTY_BODY = YES;
				CLANG_WARN_ENUM_CONVERSION = YES;
				CLANG_WARN_INFINITE_RECURSION = YES;
				CLANG_WARN_INT_CONVERSION = YES;
				CLANG_WARN_NON_LITERAL_NULL_CONVERSION = YES;
				CLANG_WARN_OBJC_IMPLICIT_RETAIN_SELF = YES;
				CLANG_WARN_OBJC_LITERAL_CONVERSION = YES;
				CLANG_WARN_OBJC_ROOT_CLASS = YES_ERROR;
				CLANG_WARN_QUOTED_INCLUDE_IN_FRAMEWORK_HEADER = YES;
				CLANG_WARN_RANGE_LOOP_ANALYSIS = YES;
				CLANG_WARN_STRICT_PROTOTYPES = YES;
				CLANG_WARN_SUSPICIOUS_MOVE = YES;
				CLANG_WARN_UNGUARDED_AVAILABILITY = YES_AGGRESSIVE;
				CLANG_WARN_UNREACHABLE_CODE = YES;
				CLANG_WARN__DUPLICATE_METHOD_MATCH = YES;
				COPY_PHASE_STRIP = NO;
				DEAD_CODE_STRIPPING = YES;
				DEBUG_INFORMATION_FORMAT = "dwarf-with-dsym";
				ENABLE_NS_ASSERTIONS = NO;
				ENABLE_STRICT_OBJC_MSGSEND = YES;
				GCC_C_LANGUAGE_STANDARD = gnu11;
				GCC_NO_COMMON_BLOCKS = YES;
				GCC_WARN_64_TO_32_BIT_CONVERSION = YES;
				GCC_WARN_ABOUT_RETURN_TYPE = YES_ERROR;
				GCC_WARN_UNDECLARED_SELECTOR = YES;
				GCC_WARN_UNINITIALIZED_AUTOS = YES_AGGRESSIVE;
				GCC_WARN_UNUSED_FUNCTION = YES;
				GCC_WARN_UNUSED_VARIABLE = YES;
				MTL_ENABLE_DEBUG_INFO = NO;
				MTL_FAST_MATH = YES;
				SWIFT_COMPILATION_MODE = wholemodule;
				SWIFT_OPTIMIZATION_LEVEL = "-O";
			};
			name = Release;
		};
		B079EF3826853A57009EFBAA /* Debug */ = {
			isa = XCBuildConfiguration;
			buildSettings = {
				ASSETCATALOG_COMPILER_APPICON_NAME = AppIcon;
				ASSETCATALOG_COMPILER_GLOBAL_ACCENT_COLOR_NAME = AccentColor;
				CODE_SIGN_STYLE = Automatic;
				CURRENT_PROJECT_VERSION = 1;
				DEVELOPMENT_TEAM = V7E5P7292M;
				ENABLE_PREVIEWS = YES;
				GENERATE_INFOPLIST_FILE = YES;
				INFOPLIST_FILE = "NebulaSwift-Info.plist";
				INFOPLIST_KEY_CFBundleExecutable = NebulaSwift;
				INFOPLIST_KEY_CFBundleName = NebulaSwift;
				INFOPLIST_KEY_CFBundleVersion = 1;
				INFOPLIST_KEY_UIApplicationSupportsIndirectInputEvents = YES;
				INFOPLIST_KEY_UILaunchScreen_Generation = YES;
				INFOPLIST_KEY_UISupportedInterfaceOrientations_iPad = "UIInterfaceOrientationPortrait UIInterfaceOrientationPortraitUpsideDown UIInterfaceOrientationLandscapeLeft UIInterfaceOrientationLandscapeRight";
				INFOPLIST_KEY_UISupportedInterfaceOrientations_iPhone = "UIInterfaceOrientationPortrait UIInterfaceOrientationLandscapeLeft UIInterfaceOrientationLandscapeRight";
				IPHONEOS_DEPLOYMENT_TARGET = 16.0;
				LD_RUNPATH_SEARCH_PATHS = (
					"$(inherited)",
					"@executable_path/Frameworks",
				);
				MARKETING_VERSION = 1.0;
				PRODUCT_BUNDLE_IDENTIFIER = de.melgu.NebulaSwift;
				PRODUCT_NAME = NebulaSwift;
				SDKROOT = iphoneos;
				SUPPORTED_PLATFORMS = "iphoneos iphonesimulator macosx";
				SUPPORTS_MACCATALYST = NO;
				SUPPORTS_MAC_DESIGNED_FOR_IPHONE_IPAD = NO;
				SWIFT_EMIT_LOC_STRINGS = YES;
				SWIFT_STRICT_CONCURRENCY = complete;
				SWIFT_VERSION = 5.0;
				TARGETED_DEVICE_FAMILY = "1,2";
			};
			name = Debug;
		};
		B079EF3926853A57009EFBAA /* Release */ = {
			isa = XCBuildConfiguration;
			buildSettings = {
				ASSETCATALOG_COMPILER_APPICON_NAME = AppIcon;
				ASSETCATALOG_COMPILER_GLOBAL_ACCENT_COLOR_NAME = AccentColor;
				CODE_SIGN_STYLE = Automatic;
				CURRENT_PROJECT_VERSION = 1;
				DEVELOPMENT_TEAM = V7E5P7292M;
				ENABLE_PREVIEWS = YES;
				GENERATE_INFOPLIST_FILE = YES;
				INFOPLIST_FILE = "NebulaSwift-Info.plist";
				INFOPLIST_KEY_CFBundleExecutable = NebulaSwift;
				INFOPLIST_KEY_CFBundleName = NebulaSwift;
				INFOPLIST_KEY_CFBundleVersion = 1;
				INFOPLIST_KEY_UIApplicationSupportsIndirectInputEvents = YES;
				INFOPLIST_KEY_UILaunchScreen_Generation = YES;
				INFOPLIST_KEY_UISupportedInterfaceOrientations_iPad = "UIInterfaceOrientationPortrait UIInterfaceOrientationPortraitUpsideDown UIInterfaceOrientationLandscapeLeft UIInterfaceOrientationLandscapeRight";
				INFOPLIST_KEY_UISupportedInterfaceOrientations_iPhone = "UIInterfaceOrientationPortrait UIInterfaceOrientationLandscapeLeft UIInterfaceOrientationLandscapeRight";
				IPHONEOS_DEPLOYMENT_TARGET = 16.0;
				LD_RUNPATH_SEARCH_PATHS = (
					"$(inherited)",
					"@executable_path/Frameworks",
				);
				MARKETING_VERSION = 1.0;
				PRODUCT_BUNDLE_IDENTIFIER = de.melgu.NebulaSwift;
				PRODUCT_NAME = NebulaSwift;
				SDKROOT = iphoneos;
				SUPPORTED_PLATFORMS = "iphoneos iphonesimulator macosx";
				SUPPORTS_MACCATALYST = NO;
				SUPPORTS_MAC_DESIGNED_FOR_IPHONE_IPAD = NO;
				SWIFT_EMIT_LOC_STRINGS = YES;
				SWIFT_STRICT_CONCURRENCY = complete;
				SWIFT_VERSION = 5.0;
				TARGETED_DEVICE_FAMILY = "1,2";
				VALIDATE_PRODUCT = YES;
			};
			name = Release;
		};
/* End XCBuildConfiguration section */

/* Begin XCConfigurationList section */
		B079EF1F26853A57009EFBAA /* Build configuration list for PBXProject "NebulaSwift" */ = {
			isa = XCConfigurationList;
			buildConfigurations = (
				B079EF3526853A57009EFBAA /* Debug */,
				B079EF3626853A57009EFBAA /* Release */,
			);
			defaultConfigurationIsVisible = 0;
			defaultConfigurationName = Release;
		};
		B079EF3726853A57009EFBAA /* Build configuration list for PBXNativeTarget "NebulaSwift" */ = {
			isa = XCConfigurationList;
			buildConfigurations = (
				B079EF3826853A57009EFBAA /* Debug */,
				B079EF3926853A57009EFBAA /* Release */,
			);
			defaultConfigurationIsVisible = 0;
			defaultConfigurationName = Release;
		};
/* End XCConfigurationList section */
	};
	rootObject = B079EF1C26853A57009EFBAA /* Project object */;
}
